
Microsoft Visual Studio Solution File, Format Version 12.00
# Visual Studio Version 17
VisualStudioVersion = 17.14.36401.2 d17.14
MinimumVisualStudioVersion = 10.0.40219.1
Project("{F184B08F-C81C-45F6-A57F-5ABD9991F28F}") = "StudentManagementSystem", "StudentManagementSystem\StudentManagementSystem.vbproj", "{AFCB5CE3-6B3B-4BA3-9DEA-952908FF2BCA}"
EndProject
Global
	GlobalSection(SolutionConfigurationPlatforms) = preSolution
		Debug|Any CPU = Debug|Any CPU
		Release|Any CPU = Release|Any CPU
	EndGlobalSection
	GlobalSection(ProjectConfigurationPlatforms) = postSolution
		{AFCB5CE3-6B3B-4BA3-9DEA-952908FF2BCA}.Debug|Any CPU.ActiveCfg = Debug|Any CPU
		{AFCB5CE3-6B3B-4BA3-9DEA-952908FF2BCA}.Debug|Any CPU.Build.0 = Debug|Any CPU
		{AFCB5CE3-6B3B-4BA3-9DEA-952908FF2BCA}.Release|Any CPU.ActiveCfg = Release|Any CPU
		{AFCB5CE3-6B3B-4BA3-9DEA-952908FF2BCA}.Release|Any CPU.Build.0 = Release|Any CPU
	EndGlobalSection
	GlobalSection(SolutionProperties) = preSolution
		HideSolutionNode = FALSE
	EndGlobalSection
	GlobalSection(ExtensibilityGlobals) = postSolution
		SolutionGuid = {21103E20-0758-4FD2-A53B-F87E27049A05}
	EndGlobalSection
EndGlobal
